
Microsoft Visual Studio Solution File, Format Version 12.00
# Visual Studio Version 16
VisualStudioVersion = 16.0.31727.386
MinimumVisualStudioVersion = 10.0.40219.1
Project("{FAE04EC0-301F-11D3-BF4B-00C04F79EFBC}") = "Quote.API", "Quote.API\Quote.API.csproj", "{806F395E-AD39-43B9-A71A-D32E9BAFC024}"
EndProject
Global
	GlobalSection(SolutionConfigurationPlatforms) = preSolution
		Debug|Any CPU = Debug|Any CPU
		Release|Any CPU = Release|Any CPU
	EndGlobalSection
	GlobalSection(ProjectConfigurationPlatforms) = postSolution
		{806F395E-AD39-43B9-A71A-D32E9BAFC024}.Debug|Any CPU.ActiveCfg = Debug|Any CPU
		{806F395E-AD39-43B9-A71A-D32E9BAFC024}.Debug|Any CPU.Build.0 = Debug|Any CPU
		{806F395E-AD39-43B9-A71A-D32E9BAFC024}.Release|Any CPU.ActiveCfg = Release|Any CPU
		{806F395E-AD39-43B9-A71A-D32E9BAFC024}.Release|Any CPU.Build.0 = Release|Any CPU
	EndGlobalSection
	GlobalSection(SolutionProperties) = preSolution
		HideSolutionNode = FALSE
	EndGlobalSection
	GlobalSection(ExtensibilityGlobals) = postSolution
		SolutionGuid = {21B4BAB6-56C4-4627-8DF3-11FDFEDF0AA9}
	EndGlobalSection
EndGlobal
